
Microsoft Visual Studio Solution File, Format Version 12.00
# Visual Studio Version 16
VisualStudioVersion = 16.0.32228.343
MinimumVisualStudioVersion = 10.0.40219.1
Project("{9A19103F-16F7-4668-BE54-9A1E7A4F7556}") = "Entidades", "Entidades\Entidades.csproj", "{FF50E018-B084-476F-ADAE-87E395FF1BC1}"
EndProject
Project("{FAE04EC0-301F-11D3-BF4B-00C04F79EFBC}") = "FrmTorneo", "FrmTorneo\FrmTorneo.csproj", "{F03B61F8-3CF0-4B9A-A8BA-8529DD6CEC03}"
EndProject
Global
	GlobalSection(SolutionConfigurationPlatforms) = preSolution
		Debug|Any CPU = Debug|Any CPU
		Release|Any CPU = Release|Any CPU
	EndGlobalSection
	GlobalSection(ProjectConfigurationPlatforms) = postSolution
		{FF50E018-B084-476F-ADAE-87E395FF1BC1}.Debug|Any CPU.ActiveCfg = Debug|Any CPU
		{FF50E018-B084-476F-ADAE-87E395FF1BC1}.Debug|Any CPU.Build.0 = Debug|Any CPU
		{FF50E018-B084-476F-ADAE-87E395FF1BC1}.Release|Any CPU.ActiveCfg = Release|Any CPU
		{FF50E018-B084-476F-ADAE-87E395FF1BC1}.Release|Any CPU.Build.0 = Release|Any CPU
		{F03B61F8-3CF0-4B9A-A8BA-8529DD6CEC03}.Debug|Any CPU.ActiveCfg = Debug|Any CPU
		{F03B61F8-3CF0-4B9A-A8BA-8529DD6CEC03}.Debug|Any CPU.Build.0 = Debug|Any CPU
		{F03B61F8-3CF0-4B9A-A8BA-8529DD6CEC03}.Release|Any CPU.ActiveCfg = Release|Any CPU
		{F03B61F8-3CF0-4B9A-A8BA-8529DD6CEC03}.Release|Any CPU.Build.0 = Release|Any CPU
	EndGlobalSection
	GlobalSection(SolutionProperties) = preSolution
		HideSolutionNode = FALSE
	EndGlobalSection
	GlobalSection(ExtensibilityGlobals) = postSolution
		SolutionGuid = {0981A21A-8051-4C40-9A1D-82A65A8517F5}
	EndGlobalSection
EndGlobal
