
Microsoft Visual Studio Solution File, Format Version 12.00
# Visual Studio Version 16
VisualStudioVersion = 16.0.32228.343
MinimumVisualStudioVersion = 10.0.40219.1
Project("{FAE04EC0-301F-11D3-BF4B-00C04F79EFBC}") = "GuarachiSarzuri.Eli._2E", "GuarachiSarzuri.Eli.2E\GuarachiSarzuri.Eli._2E.csproj", "{5D4F3A11-756B-40C2-B0EB-D4790F047CA6}"
EndProject
Project("{FAE04EC0-301F-11D3-BF4B-00C04F79EFBC}") = "Formulario", "Formulario\Formulario.csproj", "{A9EF4E0F-66BB-4C62-A77B-C991E5873E20}"
EndProject
Global
	GlobalSection(SolutionConfigurationPlatforms) = preSolution
		Debug|Any CPU = Debug|Any CPU
		Release|Any CPU = Release|Any CPU
	EndGlobalSection
	GlobalSection(ProjectConfigurationPlatforms) = postSolution
		{5D4F3A11-756B-40C2-B0EB-D4790F047CA6}.Debug|Any CPU.ActiveCfg = Debug|Any CPU
		{5D4F3A11-756B-40C2-B0EB-D4790F047CA6}.Debug|Any CPU.Build.0 = Debug|Any CPU
		{5D4F3A11-756B-40C2-B0EB-D4790F047CA6}.Release|Any CPU.ActiveCfg = Release|Any CPU
		{5D4F3A11-756B-40C2-B0EB-D4790F047CA6}.Release|Any CPU.Build.0 = Release|Any CPU
		{A9EF4E0F-66BB-4C62-A77B-C991E5873E20}.Debug|Any CPU.ActiveCfg = Debug|Any CPU
		{A9EF4E0F-66BB-4C62-A77B-C991E5873E20}.Debug|Any CPU.Build.0 = Debug|Any CPU
		{A9EF4E0F-66BB-4C62-A77B-C991E5873E20}.Release|Any CPU.ActiveCfg = Release|Any CPU
		{A9EF4E0F-66BB-4C62-A77B-C991E5873E20}.Release|Any CPU.Build.0 = Release|Any CPU
	EndGlobalSection
	GlobalSection(SolutionProperties) = preSolution
		HideSolutionNode = FALSE
	EndGlobalSection
	GlobalSection(ExtensibilityGlobals) = postSolution
		SolutionGuid = {90A94218-2B80-4107-A3EF-AB475A74B7B5}
	EndGlobalSection
EndGlobal
